
Microsoft Visual Studio Solution File, Format Version 12.00
# Visual Studio 15
VisualStudioVersion = 15.0.26228.9
MinimumVisualStudioVersion = 10.0.40219.1
Project("{2150E333-8FDC-42A3-9474-1A3956D46DE8}") = "Animation", "Animation", "{7301BEFA-8244-413A-BA37-106684C441D0}"
EndProject
Project("{2150E333-8FDC-42A3-9474-1A3956D46DE8}") = "Sockets", "Sockets", "{E7E1CB76-E582-4AD2-B836-623001F8FED7}"
EndProject
Project("{2150E333-8FDC-42A3-9474-1A3956D46DE8}") = "AuktionsHuse", "AuktionsHuse", "{F14AC29B-6E6F-4869-86D9-E65FE95376D6}"
EndProject
Project("{2150E333-8FDC-42A3-9474-1A3956D46DE8}") = "Sliders", "Sliders", "{FED1D032-9E80-4BFC-AB23-93788F677302}"
EndProject
Project("{2150E333-8FDC-42A3-9474-1A3956D46DE8}") = "SocketsOdense", "SocketsOdense", "{3A26D566-414A-4890-BD0E-7822349541C4}"
EndProject
Project("{2150E333-8FDC-42A3-9474-1A3956D46DE8}") = "SocketsVejle", "SocketsVejle", "{7879132F-CA0B-4ABF-8B0B-FBF7232ACCD9}"
EndProject
Project("{FAE04EC0-301F-11D3-BF4B-00C04F79EFBC}") = "3.sem01", "Projects\Animation\3.sem01\3.sem01.csproj", "{512C65E8-1556-4692-B394-92F6F984BFE3}"
EndProject
Project("{FAE04EC0-301F-11D3-BF4B-00C04F79EFBC}") = "AnimationKomplekse", "Projects\Animation\AnimationKomplekse\AnimationKomplekse.csproj", "{3C462B96-CCBB-4F09-B376-B8370169BE80}"
EndProject
Project("{FAE04EC0-301F-11D3-BF4B-00C04F79EFBC}") = "AnimationSimple", "Projects\Animation\AnimationSimple\AnimationSimple.csproj", "{22042CCB-21C6-4A06-A283-583BF90EE8C5}"
EndProject
Project("{FAE04EC0-301F-11D3-BF4B-00C04F79EFBC}") = "AHClient", "Projects\Sockets\AuktionsHuse\AHClient\AHClient.csproj", "{1C63702A-BAA3-452D-85D8-7E76DF06C958}"
EndProject
Project("{FAE04EC0-301F-11D3-BF4B-00C04F79EFBC}") = "AHServer", "Projects\Sockets\AuktionsHuse\AHServer\AHServer.csproj", "{3D21F0CE-1CF5-451E-B359-150F32F95438}"
EndProject
Project("{FAE04EC0-301F-11D3-BF4B-00C04F79EFBC}") = "SlidersClient", "Projects\Sockets\Sliders\SlidersClient\SlidersClient.csproj", "{1259D445-E36B-4DF5-AA81-9E435C481CD9}"
EndProject
Project("{FAE04EC0-301F-11D3-BF4B-00C04F79EFBC}") = "SlidersServer", "Projects\Sockets\Sliders\SlidersServer\SlidersServer.csproj", "{D9E117F8-3137-4E43-95C9-83074C89F8DE}"
EndProject
Project("{FAE04EC0-301F-11D3-BF4B-00C04F79EFBC}") = "SocketsClient", "Projects\Sockets\SocketsOdense\Socketsclient\SocketsClient.csproj", "{E0EC4FF7-2A63-447C-9118-A2BC09D860D4}"
EndProject
Project("{FAE04EC0-301F-11D3-BF4B-00C04F79EFBC}") = "SocketsServer", "Projects\Sockets\SocketsOdense\SocketsServer\SocketsServer.csproj", "{8F5838BE-231F-4531-B802-6E0D9B1AADF3}"
EndProject
Project("{FAE04EC0-301F-11D3-BF4B-00C04F79EFBC}") = "Client", "Projects\Sockets\SocketsVejle\Client\Client.csproj", "{B6690A6D-F7C2-47FA-A43C-B7E516FEC250}"
EndProject
Project("{FAE04EC0-301F-11D3-BF4B-00C04F79EFBC}") = "Server", "Projects\Sockets\SocketsVejle\Server\Server.csproj", "{94D0EE81-DF7D-40C5-A5D9-7876E12CF48B}"
EndProject
Project("{2150E333-8FDC-42A3-9474-1A3956D46DE8}") = "Json", "Json", "{98A25F28-31EB-43D8-8220-E9736B29D1DE}"
EndProject
Project("{FAE04EC0-301F-11D3-BF4B-00C04F79EFBC}") = "JsonVersion1", "Projects\Json\JsonVersion1\JsonVersion1.csproj", "{63BE7B24-7CE7-4759-9D14-F2770B16F032}"
EndProject
Project("{FAE04EC0-301F-11D3-BF4B-00C04F79EFBC}") = "JsonVersion2", "Projects\Json\JsonVersion2\JsonVersion2.csproj", "{54D7508E-12C6-42F0-AFA9-7D89262343E9}"
EndProject
Project("{2150E333-8FDC-42A3-9474-1A3956D46DE8}") = "Sockets", "Sockets", "{159546F4-06AC-450A-AC72-287374256A1F}"
EndProject
Project("{FAE04EC0-301F-11D3-BF4B-00C04F79EFBC}") = "JsonSocketsE2Client", "Projects\Json\Sockets\JsonSocketsE2Client\JsonSocketsE2Client.csproj", "{A07078C7-14D7-4D2E-AC10-BEB64E56FAAD}"
EndProject
Project("{FAE04EC0-301F-11D3-BF4B-00C04F79EFBC}") = "JsonSocketsE2Server", "Projects\Json\Sockets\JsonSocketsE2Server\JsonSocketsE2Server.csproj", "{2A4C66EA-4B89-4B2C-A299-946691B48741}"
EndProject
Project("{2150E333-8FDC-42A3-9474-1A3956D46DE8}") = "KrysOgBolle", "KrysOgBolle", "{AB754F54-FFFA-40B4-9801-D755BDE5B7FB}"
	ProjectSection(SolutionItems) = preProject
		Projects\KrydsOgBolle\Bolle.jpg = Projects\KrydsOgBolle\Bolle.jpg
		Projects\KrydsOgBolle\Felt.jpg = Projects\KrydsOgBolle\Felt.jpg
		Projects\KrydsOgBolle\kryds.jpg = Projects\KrydsOgBolle\kryds.jpg
	EndProjectSection
EndProject
Project("{FAE04EC0-301F-11D3-BF4B-00C04F79EFBC}") = "KBOneScreen", "..\KrydsOgBolle\KBOneScreen\KBOneScreen.csproj", "{4D62D6FE-B5F7-496C-B4BB-5369AAD9F2AD}"
EndProject
Project("{FAE04EC0-301F-11D3-BF4B-00C04F79EFBC}") = "XO-The-Game", "Projects\KrydsOgBolle\XO-The-Game\XO-The-Game.csproj", "{3B36C077-FDB8-4381-87F2-A8B228570CD6}"
EndProject
Project("{FAE04EC0-301F-11D3-BF4B-00C04F79EFBC}") = "KrydsOgBolleOneScreenAI", "Projects\KrydsOgBolle\KrydsOgBolleOneScreenAI\KrydsOgBolleOneScreenAI.csproj", "{A5DCA3C1-4FB8-4A1D-B7A6-7F62FEA79D81}"
EndProject
Project("{2150E333-8FDC-42A3-9474-1A3956D46DE8}") = "DLL", "DLL", "{EA31CDF5-5410-4D6A-9CCB-351755250B91}"
EndProject
Project("{2150E333-8FDC-42A3-9474-1A3956D46DE8}") = "Login V2", "Login V2", "{FDF52B41-8AD6-432B-8E85-F618B28C8C6D}"
EndProject
Project("{2150E333-8FDC-42A3-9474-1A3956D46DE8}") = "Login V1", "Login V1", "{ED85CD9F-00DF-4DDA-9832-C6BCACB1806C}"
EndProject
Project("{FAE04EC0-301F-11D3-BF4B-00C04F79EFBC}") = "LoginComponent", "Projects\DLL\LoginModule\LoginComponent\LoginComponent.csproj", "{49137BD5-08BF-4843-A9E7-06D5D1D395CA}"
EndProject
Project("{FAE04EC0-301F-11D3-BF4B-00C04F79EFBC}") = "LoginModule_Consol", "Projects\DLL\LoginModule\LoginModule_Consol\LoginModule_Consol.csproj", "{1D741C58-763E-4F14-A9A1-35D157DB6880}"
EndProject
Project("{FAE04EC0-301F-11D3-BF4B-00C04F79EFBC}") = "LoginModule_Test", "Projects\DLL\LoginModule\LoginModule_Test\LoginModule_Test.csproj", "{CCF07C20-EE49-4B45-8603-490C44CCC616}"
EndProject
Project("{FAE04EC0-301F-11D3-BF4B-00C04F79EFBC}") = "LoginComponent", "Projects\DLL\Loginmodule_console_BetterUseOfCommandPattern_v2\Loginmodule_console\LoginComponent\LoginComponent.csproj", "{31F1BD1C-695D-474F-A68E-6003F296876C}"
EndProject
Project("{FAE04EC0-301F-11D3-BF4B-00C04F79EFBC}") = "Loginmodule_console", "Projects\DLL\Loginmodule_console_BetterUseOfCommandPattern_v2\Loginmodule_console\Loginmodule_console\Loginmodule_console.csproj", "{2F346F69-95B0-410A-9A38-AE41F7F99572}"
EndProject
Project("{FAE04EC0-301F-11D3-BF4B-00C04F79EFBC}") = "LoginModule_Test", "Projects\DLL\Loginmodule_console_BetterUseOfCommandPattern_v2\Loginmodule_console\LoginModule_Test\LoginModule_Test.csproj", "{AB3602AD-0A2A-46A6-BDF5-B6842D1006B7}"
EndProject
Project("{2150E333-8FDC-42A3-9474-1A3956D46DE8}") = "T3 opgaver", "T3 opgaver", "{44EB7E76-A0CC-4137-A97C-D0F47F0BBBB9}"
EndProject
Project("{FAE04EC0-301F-11D3-BF4B-00C04F79EFBC}") = "ClassLibraryT3", "Projects\DLL\T3 Opgaver\ClassLibraryT3\ClassLibraryT3.csproj", "{1A6A330E-1906-4EA5-BC08-16A884F25B6C}"
EndProject
Project("{FAE04EC0-301F-11D3-BF4B-00C04F79EFBC}") = "ConsoleAppT3", "Projects\DLL\T3 Opgaver\ConsoleAppT3\ConsoleAppT3.csproj", "{DF015FBA-0171-4649-A4BF-C1623DEF4E33}"
EndProject
Project("{FAE04EC0-301F-11D3-BF4B-00C04F79EFBC}") = "ConsoleAppT3DllPathTest", "Projects\DLL\T3 Opgaver\ConsoleAppT3DllPathTest\ConsoleAppT3DllPathTest.csproj", "{E965B4FB-9229-4973-93DA-5DFBE5BC018A}"
EndProject
Project("{2150E333-8FDC-42A3-9474-1A3956D46DE8}") = "Terminsprøven3S", "Terminsprøven3S", "{B95970DD-229D-4FB6-B3D3-85F5412E6AA9}"
EndProject
Project("{2150E333-8FDC-42A3-9474-1A3956D46DE8}") = "Opgave1", "Opgave1", "{6D2C5CFE-1860-4F5C-A8B3-7F3B75378EBB}"
EndProject
Project("{2150E333-8FDC-42A3-9474-1A3956D46DE8}") = "Opgave2", "Opgave2", "{284F3EE5-91DF-4F2E-B7E8-E9323DA395C4}"
EndProject
Project("{2150E333-8FDC-42A3-9474-1A3956D46DE8}") = "Opgave3", "Opgave3", "{8169A4D6-7135-4507-ABFE-08ABEC65BB6A}"
EndProject
Project("{FAE04EC0-301F-11D3-BF4B-00C04F79EFBC}") = "LoverOgKaninerClient", "Projects\Terminsprøven3S\KODE til udlevering\Terminsprøven\Løver og Kaniner CLIENT\LoverOgKaninerClient.csproj", "{E169762B-0849-4367-B911-9FC1CD805893}"
EndProject
Project("{FAE04EC0-301F-11D3-BF4B-00C04F79EFBC}") = "LoverOgKaninerServer", "Projects\Terminsprøven3S\KODE til udlevering\Terminsprøven\Løver og Kaniner SERVER\LoverOgKaninerServer.csproj", "{1CCAEFBC-F201-41B6-B7F8-A37E173B7BFF}"
EndProject
Project("{FAE04EC0-301F-11D3-BF4B-00C04F79EFBC}") = "LoverOgKaninerClient", "Projects\Terminsprøven3S\Opgave1\Løver og Kaniner CLIENT\LoverOgKaninerClient.csproj", "{99DCD459-884C-4107-87DF-E8CA5F9152B9}"
EndProject
Project("{FAE04EC0-301F-11D3-BF4B-00C04F79EFBC}") = "LoverOgKaninerServer", "Projects\Terminsprøven3S\Opgave1\Løver og Kaniner SERVER\LoverOgKaninerServer.csproj", "{EAEC6849-863F-46BF-AD3C-D5F692D7599C}"
EndProject
Project("{FAE04EC0-301F-11D3-BF4B-00C04F79EFBC}") = "LoverOgKaninerClient", "Projects\Terminsprøven3S\Opgave2\Løver og Kaniner CLIENT\LoverOgKaninerClient.csproj", "{345DC241-7A46-4FE7-A9F9-47215ABA0C64}"
EndProject
Project("{FAE04EC0-301F-11D3-BF4B-00C04F79EFBC}") = "LoverOgKaninerServer", "Projects\Terminsprøven3S\Opgave2\Løver og Kaniner SERVER\LoverOgKaninerServer.csproj", "{0B769F38-9815-43F9-806D-565CC888821C}"
EndProject
Project("{FAE04EC0-301F-11D3-BF4B-00C04F79EFBC}") = "LoverOgKaninerClient", "Projects\Terminsprøven3S\Opgave3\Løver og Kaniner CLIENT\LoverOgKaninerClient.csproj", "{E110C11B-BA99-4073-9481-014A47DF799C}"
EndProject
Project("{FAE04EC0-301F-11D3-BF4B-00C04F79EFBC}") = "LoverOgKaninerServer", "Projects\Terminsprøven3S\Opgave3\Løver og Kaniner SERVER\LoverOgKaninerServer.csproj", "{B8A83788-97A7-4544-9B10-8FB0064D8E05}"
EndProject
Project("{FAE04EC0-301F-11D3-BF4B-00C04F79EFBC}") = "Sockets", "Sockets\Sockets.csproj", "{B44528B1-3E8C-4FA0-8000-8B45D2594DF7}"
EndProject
Project("{FAE04EC0-301F-11D3-BF4B-00C04F79EFBC}") = "TestConsol", "TestConsol\TestConsol.csproj", "{D4806BF0-09CA-41D8-98FE-83E11DFF6C52}"
EndProject
Project("{FAE04EC0-301F-11D3-BF4B-00C04F79EFBC}") = "TestForm", "TestForm\TestForm.csproj", "{76579464-545E-4282-9FB4-BDDD03294095}"
EndProject
Global
	GlobalSection(SolutionConfigurationPlatforms) = preSolution
		Debug|Any CPU = Debug|Any CPU
		Release|Any CPU = Release|Any CPU
	EndGlobalSection
	GlobalSection(ProjectConfigurationPlatforms) = postSolution
		{512C65E8-1556-4692-B394-92F6F984BFE3}.Debug|Any CPU.ActiveCfg = Debug|Any CPU
		{512C65E8-1556-4692-B394-92F6F984BFE3}.Debug|Any CPU.Build.0 = Debug|Any CPU
		{512C65E8-1556-4692-B394-92F6F984BFE3}.Release|Any CPU.ActiveCfg = Release|Any CPU
		{512C65E8-1556-4692-B394-92F6F984BFE3}.Release|Any CPU.Build.0 = Release|Any CPU
		{3C462B96-CCBB-4F09-B376-B8370169BE80}.Debug|Any CPU.ActiveCfg = Debug|Any CPU
		{3C462B96-CCBB-4F09-B376-B8370169BE80}.Debug|Any CPU.Build.0 = Debug|Any CPU
		{3C462B96-CCBB-4F09-B376-B8370169BE80}.Release|Any CPU.ActiveCfg = Release|Any CPU
		{3C462B96-CCBB-4F09-B376-B8370169BE80}.Release|Any CPU.Build.0 = Release|Any CPU
		{22042CCB-21C6-4A06-A283-583BF90EE8C5}.Debug|Any CPU.ActiveCfg = Debug|Any CPU
		{22042CCB-21C6-4A06-A283-583BF90EE8C5}.Debug|Any CPU.Build.0 = Debug|Any CPU
		{22042CCB-21C6-4A06-A283-583BF90EE8C5}.Release|Any CPU.ActiveCfg = Release|Any CPU
		{22042CCB-21C6-4A06-A283-583BF90EE8C5}.Release|Any CPU.Build.0 = Release|Any CPU
		{1C63702A-BAA3-452D-85D8-7E76DF06C958}.Debug|Any CPU.ActiveCfg = Debug|Any CPU
		{1C63702A-BAA3-452D-85D8-7E76DF06C958}.Debug|Any CPU.Build.0 = Debug|Any CPU
		{1C63702A-BAA3-452D-85D8-7E76DF06C958}.Release|Any CPU.ActiveCfg = Release|Any CPU
		{1C63702A-BAA3-452D-85D8-7E76DF06C958}.Release|Any CPU.Build.0 = Release|Any CPU
		{3D21F0CE-1CF5-451E-B359-150F32F95438}.Debug|Any CPU.ActiveCfg = Debug|Any CPU
		{3D21F0CE-1CF5-451E-B359-150F32F95438}.Debug|Any CPU.Build.0 = Debug|Any CPU
		{3D21F0CE-1CF5-451E-B359-150F32F95438}.Release|Any CPU.ActiveCfg = Release|Any CPU
		{3D21F0CE-1CF5-451E-B359-150F32F95438}.Release|Any CPU.Build.0 = Release|Any CPU
		{1259D445-E36B-4DF5-AA81-9E435C481CD9}.Debug|Any CPU.ActiveCfg = Debug|Any CPU
		{1259D445-E36B-4DF5-AA81-9E435C481CD9}.Debug|Any CPU.Build.0 = Debug|Any CPU
		{1259D445-E36B-4DF5-AA81-9E435C481CD9}.Release|Any CPU.ActiveCfg = Release|Any CPU
		{1259D445-E36B-4DF5-AA81-9E435C481CD9}.Release|Any CPU.Build.0 = Release|Any CPU
		{D9E117F8-3137-4E43-95C9-83074C89F8DE}.Debug|Any CPU.ActiveCfg = Debug|Any CPU
		{D9E117F8-3137-4E43-95C9-83074C89F8DE}.Debug|Any CPU.Build.0 = Debug|Any CPU
		{D9E117F8-3137-4E43-95C9-83074C89F8DE}.Release|Any CPU.ActiveCfg = Release|Any CPU
		{D9E117F8-3137-4E43-95C9-83074C89F8DE}.Release|Any CPU.Build.0 = Release|Any CPU
		{E0EC4FF7-2A63-447C-9118-A2BC09D860D4}.Debug|Any CPU.ActiveCfg = Debug|Any CPU
		{E0EC4FF7-2A63-447C-9118-A2BC09D860D4}.Debug|Any CPU.Build.0 = Debug|Any CPU
		{E0EC4FF7-2A63-447C-9118-A2BC09D860D4}.Release|Any CPU.ActiveCfg = Release|Any CPU
		{E0EC4FF7-2A63-447C-9118-A2BC09D860D4}.Release|Any CPU.Build.0 = Release|Any CPU
		{8F5838BE-231F-4531-B802-6E0D9B1AADF3}.Debug|Any CPU.ActiveCfg = Debug|Any CPU
		{8F5838BE-231F-4531-B802-6E0D9B1AADF3}.Debug|Any CPU.Build.0 = Debug|Any CPU
		{8F5838BE-231F-4531-B802-6E0D9B1AADF3}.Release|Any CPU.ActiveCfg = Release|Any CPU
		{8F5838BE-231F-4531-B802-6E0D9B1AADF3}.Release|Any CPU.Build.0 = Release|Any CPU
		{B6690A6D-F7C2-47FA-A43C-B7E516FEC250}.Debug|Any CPU.ActiveCfg = Debug|Any CPU
		{B6690A6D-F7C2-47FA-A43C-B7E516FEC250}.Debug|Any CPU.Build.0 = Debug|Any CPU
		{B6690A6D-F7C2-47FA-A43C-B7E516FEC250}.Release|Any CPU.ActiveCfg = Release|Any CPU
		{B6690A6D-F7C2-47FA-A43C-B7E516FEC250}.Release|Any CPU.Build.0 = Release|Any CPU
		{94D0EE81-DF7D-40C5-A5D9-7876E12CF48B}.Debug|Any CPU.ActiveCfg = Debug|Any CPU
		{94D0EE81-DF7D-40C5-A5D9-7876E12CF48B}.Debug|Any CPU.Build.0 = Debug|Any CPU
		{94D0EE81-DF7D-40C5-A5D9-7876E12CF48B}.Release|Any CPU.ActiveCfg = Release|Any CPU
		{94D0EE81-DF7D-40C5-A5D9-7876E12CF48B}.Release|Any CPU.Build.0 = Release|Any CPU
		{63BE7B24-7CE7-4759-9D14-F2770B16F032}.Debug|Any CPU.ActiveCfg = Debug|Any CPU
		{63BE7B24-7CE7-4759-9D14-F2770B16F032}.Debug|Any CPU.Build.0 = Debug|Any CPU
		{63BE7B24-7CE7-4759-9D14-F2770B16F032}.Release|Any CPU.ActiveCfg = Release|Any CPU
		{63BE7B24-7CE7-4759-9D14-F2770B16F032}.Release|Any CPU.Build.0 = Release|Any CPU
		{54D7508E-12C6-42F0-AFA9-7D89262343E9}.Debug|Any CPU.ActiveCfg = Debug|Any CPU
		{54D7508E-12C6-42F0-AFA9-7D89262343E9}.Debug|Any CPU.Build.0 = Debug|Any CPU
		{54D7508E-12C6-42F0-AFA9-7D89262343E9}.Release|Any CPU.ActiveCfg = Release|Any CPU
		{54D7508E-12C6-42F0-AFA9-7D89262343E9}.Release|Any CPU.Build.0 = Release|Any CPU
		{A07078C7-14D7-4D2E-AC10-BEB64E56FAAD}.Debug|Any CPU.ActiveCfg = Debug|Any CPU
		{A07078C7-14D7-4D2E-AC10-BEB64E56FAAD}.Debug|Any CPU.Build.0 = Debug|Any CPU
		{A07078C7-14D7-4D2E-AC10-BEB64E56FAAD}.Release|Any CPU.ActiveCfg = Release|Any CPU
		{A07078C7-14D7-4D2E-AC10-BEB64E56FAAD}.Release|Any CPU.Build.0 = Release|Any CPU
		{2A4C66EA-4B89-4B2C-A299-946691B48741}.Debug|Any CPU.ActiveCfg = Debug|Any CPU
		{2A4C66EA-4B89-4B2C-A299-946691B48741}.Debug|Any CPU.Build.0 = Debug|Any CPU
		{2A4C66EA-4B89-4B2C-A299-946691B48741}.Release|Any CPU.ActiveCfg = Release|Any CPU
		{2A4C66EA-4B89-4B2C-A299-946691B48741}.Release|Any CPU.Build.0 = Release|Any CPU
		{4D62D6FE-B5F7-496C-B4BB-5369AAD9F2AD}.Debug|Any CPU.ActiveCfg = Debug|Any CPU
		{4D62D6FE-B5F7-496C-B4BB-5369AAD9F2AD}.Debug|Any CPU.Build.0 = Debug|Any CPU
		{4D62D6FE-B5F7-496C-B4BB-5369AAD9F2AD}.Release|Any CPU.ActiveCfg = Release|Any CPU
		{4D62D6FE-B5F7-496C-B4BB-5369AAD9F2AD}.Release|Any CPU.Build.0 = Release|Any CPU
		{3B36C077-FDB8-4381-87F2-A8B228570CD6}.Debug|Any CPU.ActiveCfg = Debug|Any CPU
		{3B36C077-FDB8-4381-87F2-A8B228570CD6}.Debug|Any CPU.Build.0 = Debug|Any CPU
		{3B36C077-FDB8-4381-87F2-A8B228570CD6}.Release|Any CPU.ActiveCfg = Release|Any CPU
		{3B36C077-FDB8-4381-87F2-A8B228570CD6}.Release|Any CPU.Build.0 = Release|Any CPU
		{A5DCA3C1-4FB8-4A1D-B7A6-7F62FEA79D81}.Debug|Any CPU.ActiveCfg = Debug|Any CPU
		{A5DCA3C1-4FB8-4A1D-B7A6-7F62FEA79D81}.Debug|Any CPU.Build.0 = Debug|Any CPU
		{A5DCA3C1-4FB8-4A1D-B7A6-7F62FEA79D81}.Release|Any CPU.ActiveCfg = Release|Any CPU
		{A5DCA3C1-4FB8-4A1D-B7A6-7F62FEA79D81}.Release|Any CPU.Build.0 = Release|Any CPU
		{49137BD5-08BF-4843-A9E7-06D5D1D395CA}.Debug|Any CPU.ActiveCfg = Debug|Any CPU
		{49137BD5-08BF-4843-A9E7-06D5D1D395CA}.Debug|Any CPU.Build.0 = Debug|Any CPU
		{49137BD5-08BF-4843-A9E7-06D5D1D395CA}.Release|Any CPU.ActiveCfg = Release|Any CPU
		{49137BD5-08BF-4843-A9E7-06D5D1D395CA}.Release|Any CPU.Build.0 = Release|Any CPU
		{1D741C58-763E-4F14-A9A1-35D157DB6880}.Debug|Any CPU.ActiveCfg = Debug|Any CPU
		{1D741C58-763E-4F14-A9A1-35D157DB6880}.Debug|Any CPU.Build.0 = Debug|Any CPU
		{1D741C58-763E-4F14-A9A1-35D157DB6880}.Release|Any CPU.ActiveCfg = Release|Any CPU
		{1D741C58-763E-4F14-A9A1-35D157DB6880}.Release|Any CPU.Build.0 = Release|Any CPU
		{CCF07C20-EE49-4B45-8603-490C44CCC616}.Debug|Any CPU.ActiveCfg = Debug|Any CPU
		{CCF07C20-EE49-4B45-8603-490C44CCC616}.Debug|Any CPU.Build.0 = Debug|Any CPU
		{CCF07C20-EE49-4B45-8603-490C44CCC616}.Release|Any CPU.ActiveCfg = Release|Any CPU
		{CCF07C20-EE49-4B45-8603-490C44CCC616}.Release|Any CPU.Build.0 = Release|Any CPU
		{31F1BD1C-695D-474F-A68E-6003F296876C}.Debug|Any CPU.ActiveCfg = Debug|Any CPU
		{31F1BD1C-695D-474F-A68E-6003F296876C}.Debug|Any CPU.Build.0 = Debug|Any CPU
		{31F1BD1C-695D-474F-A68E-6003F296876C}.Release|Any CPU.ActiveCfg = Release|Any CPU
		{31F1BD1C-695D-474F-A68E-6003F296876C}.Release|Any CPU.Build.0 = Release|Any CPU
		{2F346F69-95B0-410A-9A38-AE41F7F99572}.Debug|Any CPU.ActiveCfg = Debug|Any CPU
		{2F346F69-95B0-410A-9A38-AE41F7F99572}.Debug|Any CPU.Build.0 = Debug|Any CPU
		{2F346F69-95B0-410A-9A38-AE41F7F99572}.Release|Any CPU.ActiveCfg = Release|Any CPU
		{2F346F69-95B0-410A-9A38-AE41F7F99572}.Release|Any CPU.Build.0 = Release|Any CPU
		{AB3602AD-0A2A-46A6-BDF5-B6842D1006B7}.Debug|Any CPU.ActiveCfg = Debug|Any CPU
		{AB3602AD-0A2A-46A6-BDF5-B6842D1006B7}.Debug|Any CPU.Build.0 = Debug|Any CPU
		{AB3602AD-0A2A-46A6-BDF5-B6842D1006B7}.Release|Any CPU.ActiveCfg = Release|Any CPU
		{AB3602AD-0A2A-46A6-BDF5-B6842D1006B7}.Release|Any CPU.Build.0 = Release|Any CPU
		{1A6A330E-1906-4EA5-BC08-16A884F25B6C}.Debug|Any CPU.ActiveCfg = Debug|Any CPU
		{1A6A330E-1906-4EA5-BC08-16A884F25B6C}.Debug|Any CPU.Build.0 = Debug|Any CPU
		{1A6A330E-1906-4EA5-BC08-16A884F25B6C}.Release|Any CPU.ActiveCfg = Release|Any CPU
		{1A6A330E-1906-4EA5-BC08-16A884F25B6C}.Release|Any CPU.Build.0 = Release|Any CPU
		{DF015FBA-0171-4649-A4BF-C1623DEF4E33}.Debug|Any CPU.ActiveCfg = Debug|Any CPU
		{DF015FBA-0171-4649-A4BF-C1623DEF4E33}.Debug|Any CPU.Build.0 = Debug|Any CPU
		{DF015FBA-0171-4649-A4BF-C1623DEF4E33}.Release|Any CPU.ActiveCfg = Release|Any CPU
		{DF015FBA-0171-4649-A4BF-C1623DEF4E33}.Release|Any CPU.Build.0 = Release|Any CPU
		{E965B4FB-9229-4973-93DA-5DFBE5BC018A}.Debug|Any CPU.ActiveCfg = Debug|Any CPU
		{E965B4FB-9229-4973-93DA-5DFBE5BC018A}.Debug|Any CPU.Build.0 = Debug|Any CPU
		{E965B4FB-9229-4973-93DA-5DFBE5BC018A}.Release|Any CPU.ActiveCfg = Release|Any CPU
		{E965B4FB-9229-4973-93DA-5DFBE5BC018A}.Release|Any CPU.Build.0 = Release|Any CPU
		{E169762B-0849-4367-B911-9FC1CD805893}.Debug|Any CPU.ActiveCfg = Debug|Any CPU
		{E169762B-0849-4367-B911-9FC1CD805893}.Debug|Any CPU.Build.0 = Debug|Any CPU
		{E169762B-0849-4367-B911-9FC1CD805893}.Release|Any CPU.ActiveCfg = Release|Any CPU
		{E169762B-0849-4367-B911-9FC1CD805893}.Release|Any CPU.Build.0 = Release|Any CPU
		{1CCAEFBC-F201-41B6-B7F8-A37E173B7BFF}.Debug|Any CPU.ActiveCfg = Debug|Any CPU
		{1CCAEFBC-F201-41B6-B7F8-A37E173B7BFF}.Debug|Any CPU.Build.0 = Debug|Any CPU
		{1CCAEFBC-F201-41B6-B7F8-A37E173B7BFF}.Release|Any CPU.ActiveCfg = Release|Any CPU
		{1CCAEFBC-F201-41B6-B7F8-A37E173B7BFF}.Release|Any CPU.Build.0 = Release|Any CPU
		{99DCD459-884C-4107-87DF-E8CA5F9152B9}.Debug|Any CPU.ActiveCfg = Debug|Any CPU
		{99DCD459-884C-4107-87DF-E8CA5F9152B9}.Debug|Any CPU.Build.0 = Debug|Any CPU
		{99DCD459-884C-4107-87DF-E8CA5F9152B9}.Release|Any CPU.ActiveCfg = Release|Any CPU
		{99DCD459-884C-4107-87DF-E8CA5F9152B9}.Release|Any CPU.Build.0 = Release|Any CPU
		{EAEC6849-863F-46BF-AD3C-D5F692D7599C}.Debug|Any CPU.ActiveCfg = Debug|Any CPU
		{EAEC6849-863F-46BF-AD3C-D5F692D7599C}.Debug|Any CPU.Build.0 = Debug|Any CPU
		{EAEC6849-863F-46BF-AD3C-D5F692D7599C}.Release|Any CPU.ActiveCfg = Release|Any CPU
		{EAEC6849-863F-46BF-AD3C-D5F692D7599C}.Release|Any CPU.Build.0 = Release|Any CPU
		{345DC241-7A46-4FE7-A9F9-47215ABA0C64}.Debug|Any CPU.ActiveCfg = Debug|Any CPU
		{345DC241-7A46-4FE7-A9F9-47215ABA0C64}.Debug|Any CPU.Build.0 = Debug|Any CPU
		{345DC241-7A46-4FE7-A9F9-47215ABA0C64}.Release|Any CPU.ActiveCfg = Release|Any CPU
		{345DC241-7A46-4FE7-A9F9-47215ABA0C64}.Release|Any CPU.Build.0 = Release|Any CPU
		{0B769F38-9815-43F9-806D-565CC888821C}.Debug|Any CPU.ActiveCfg = Debug|Any CPU
		{0B769F38-9815-43F9-806D-565CC888821C}.Debug|Any CPU.Build.0 = Debug|Any CPU
		{0B769F38-9815-43F9-806D-565CC888821C}.Release|Any CPU.ActiveCfg = Release|Any CPU
		{0B769F38-9815-43F9-806D-565CC888821C}.Release|Any CPU.Build.0 = Release|Any CPU
		{E110C11B-BA99-4073-9481-014A47DF799C}.Debug|Any CPU.ActiveCfg = Debug|Any CPU
		{E110C11B-BA99-4073-9481-014A47DF799C}.Debug|Any CPU.Build.0 = Debug|Any CPU
		{E110C11B-BA99-4073-9481-014A47DF799C}.Release|Any CPU.ActiveCfg = Release|Any CPU
		{E110C11B-BA99-4073-9481-014A47DF799C}.Release|Any CPU.Build.0 = Release|Any CPU
		{B8A83788-97A7-4544-9B10-8FB0064D8E05}.Debug|Any CPU.ActiveCfg = Debug|Any CPU
		{B8A83788-97A7-4544-9B10-8FB0064D8E05}.Debug|Any CPU.Build.0 = Debug|Any CPU
		{B8A83788-97A7-4544-9B10-8FB0064D8E05}.Release|Any CPU.ActiveCfg = Release|Any CPU
		{B8A83788-97A7-4544-9B10-8FB0064D8E05}.Release|Any CPU.Build.0 = Release|Any CPU
		{B44528B1-3E8C-4FA0-8000-8B45D2594DF7}.Debug|Any CPU.ActiveCfg = Debug|Any CPU
		{B44528B1-3E8C-4FA0-8000-8B45D2594DF7}.Debug|Any CPU.Build.0 = Debug|Any CPU
		{B44528B1-3E8C-4FA0-8000-8B45D2594DF7}.Release|Any CPU.ActiveCfg = Release|Any CPU
		{B44528B1-3E8C-4FA0-8000-8B45D2594DF7}.Release|Any CPU.Build.0 = Release|Any CPU
		{D4806BF0-09CA-41D8-98FE-83E11DFF6C52}.Debug|Any CPU.ActiveCfg = Debug|Any CPU
		{D4806BF0-09CA-41D8-98FE-83E11DFF6C52}.Debug|Any CPU.Build.0 = Debug|Any CPU
		{D4806BF0-09CA-41D8-98FE-83E11DFF6C52}.Release|Any CPU.ActiveCfg = Release|Any CPU
		{D4806BF0-09CA-41D8-98FE-83E11DFF6C52}.Release|Any CPU.Build.0 = Release|Any CPU
		{76579464-545E-4282-9FB4-BDDD03294095}.Debug|Any CPU.ActiveCfg = Debug|Any CPU
		{76579464-545E-4282-9FB4-BDDD03294095}.Debug|Any CPU.Build.0 = Debug|Any CPU
		{76579464-545E-4282-9FB4-BDDD03294095}.Release|Any CPU.ActiveCfg = Release|Any CPU
		{76579464-545E-4282-9FB4-BDDD03294095}.Release|Any CPU.Build.0 = Release|Any CPU
	EndGlobalSection
	GlobalSection(SolutionProperties) = preSolution
		HideSolutionNode = FALSE
	EndGlobalSection
	GlobalSection(NestedProjects) = preSolution
		{F14AC29B-6E6F-4869-86D9-E65FE95376D6} = {E7E1CB76-E582-4AD2-B836-623001F8FED7}
		{FED1D032-9E80-4BFC-AB23-93788F677302} = {E7E1CB76-E582-4AD2-B836-623001F8FED7}
		{3A26D566-414A-4890-BD0E-7822349541C4} = {E7E1CB76-E582-4AD2-B836-623001F8FED7}
		{7879132F-CA0B-4ABF-8B0B-FBF7232ACCD9} = {E7E1CB76-E582-4AD2-B836-623001F8FED7}
		{512C65E8-1556-4692-B394-92F6F984BFE3} = {7301BEFA-8244-413A-BA37-106684C441D0}
		{3C462B96-CCBB-4F09-B376-B8370169BE80} = {7301BEFA-8244-413A-BA37-106684C441D0}
		{22042CCB-21C6-4A06-A283-583BF90EE8C5} = {7301BEFA-8244-413A-BA37-106684C441D0}
		{1C63702A-BAA3-452D-85D8-7E76DF06C958} = {F14AC29B-6E6F-4869-86D9-E65FE95376D6}
		{3D21F0CE-1CF5-451E-B359-150F32F95438} = {F14AC29B-6E6F-4869-86D9-E65FE95376D6}
		{1259D445-E36B-4DF5-AA81-9E435C481CD9} = {FED1D032-9E80-4BFC-AB23-93788F677302}
		{D9E117F8-3137-4E43-95C9-83074C89F8DE} = {FED1D032-9E80-4BFC-AB23-93788F677302}
		{E0EC4FF7-2A63-447C-9118-A2BC09D860D4} = {3A26D566-414A-4890-BD0E-7822349541C4}
		{8F5838BE-231F-4531-B802-6E0D9B1AADF3} = {3A26D566-414A-4890-BD0E-7822349541C4}
		{B6690A6D-F7C2-47FA-A43C-B7E516FEC250} = {7879132F-CA0B-4ABF-8B0B-FBF7232ACCD9}
		{94D0EE81-DF7D-40C5-A5D9-7876E12CF48B} = {7879132F-CA0B-4ABF-8B0B-FBF7232ACCD9}
		{63BE7B24-7CE7-4759-9D14-F2770B16F032} = {98A25F28-31EB-43D8-8220-E9736B29D1DE}
		{54D7508E-12C6-42F0-AFA9-7D89262343E9} = {98A25F28-31EB-43D8-8220-E9736B29D1DE}
		{159546F4-06AC-450A-AC72-287374256A1F} = {98A25F28-31EB-43D8-8220-E9736B29D1DE}
		{A07078C7-14D7-4D2E-AC10-BEB64E56FAAD} = {159546F4-06AC-450A-AC72-287374256A1F}
		{2A4C66EA-4B89-4B2C-A299-946691B48741} = {159546F4-06AC-450A-AC72-287374256A1F}
		{4D62D6FE-B5F7-496C-B4BB-5369AAD9F2AD} = {AB754F54-FFFA-40B4-9801-D755BDE5B7FB}
		{3B36C077-FDB8-4381-87F2-A8B228570CD6} = {AB754F54-FFFA-40B4-9801-D755BDE5B7FB}
		{A5DCA3C1-4FB8-4A1D-B7A6-7F62FEA79D81} = {AB754F54-FFFA-40B4-9801-D755BDE5B7FB}
		{FDF52B41-8AD6-432B-8E85-F618B28C8C6D} = {EA31CDF5-5410-4D6A-9CCB-351755250B91}
		{ED85CD9F-00DF-4DDA-9832-C6BCACB1806C} = {EA31CDF5-5410-4D6A-9CCB-351755250B91}
		{49137BD5-08BF-4843-A9E7-06D5D1D395CA} = {ED85CD9F-00DF-4DDA-9832-C6BCACB1806C}
		{1D741C58-763E-4F14-A9A1-35D157DB6880} = {ED85CD9F-00DF-4DDA-9832-C6BCACB1806C}
		{CCF07C20-EE49-4B45-8603-490C44CCC616} = {ED85CD9F-00DF-4DDA-9832-C6BCACB1806C}
		{31F1BD1C-695D-474F-A68E-6003F296876C} = {FDF52B41-8AD6-432B-8E85-F618B28C8C6D}
		{2F346F69-95B0-410A-9A38-AE41F7F99572} = {FDF52B41-8AD6-432B-8E85-F618B28C8C6D}
		{AB3602AD-0A2A-46A6-BDF5-B6842D1006B7} = {FDF52B41-8AD6-432B-8E85-F618B28C8C6D}
		{44EB7E76-A0CC-4137-A97C-D0F47F0BBBB9} = {EA31CDF5-5410-4D6A-9CCB-351755250B91}
		{1A6A330E-1906-4EA5-BC08-16A884F25B6C} = {44EB7E76-A0CC-4137-A97C-D0F47F0BBBB9}
		{DF015FBA-0171-4649-A4BF-C1623DEF4E33} = {44EB7E76-A0CC-4137-A97C-D0F47F0BBBB9}
		{E965B4FB-9229-4973-93DA-5DFBE5BC018A} = {44EB7E76-A0CC-4137-A97C-D0F47F0BBBB9}
		{6D2C5CFE-1860-4F5C-A8B3-7F3B75378EBB} = {B95970DD-229D-4FB6-B3D3-85F5412E6AA9}
		{284F3EE5-91DF-4F2E-B7E8-E9323DA395C4} = {B95970DD-229D-4FB6-B3D3-85F5412E6AA9}
		{8169A4D6-7135-4507-ABFE-08ABEC65BB6A} = {B95970DD-229D-4FB6-B3D3-85F5412E6AA9}
		{E169762B-0849-4367-B911-9FC1CD805893} = {B95970DD-229D-4FB6-B3D3-85F5412E6AA9}
		{1CCAEFBC-F201-41B6-B7F8-A37E173B7BFF} = {B95970DD-229D-4FB6-B3D3-85F5412E6AA9}
		{99DCD459-884C-4107-87DF-E8CA5F9152B9} = {6D2C5CFE-1860-4F5C-A8B3-7F3B75378EBB}
		{EAEC6849-863F-46BF-AD3C-D5F692D7599C} = {6D2C5CFE-1860-4F5C-A8B3-7F3B75378EBB}
		{345DC241-7A46-4FE7-A9F9-47215ABA0C64} = {284F3EE5-91DF-4F2E-B7E8-E9323DA395C4}
		{0B769F38-9815-43F9-806D-565CC888821C} = {284F3EE5-91DF-4F2E-B7E8-E9323DA395C4}
		{E110C11B-BA99-4073-9481-014A47DF799C} = {8169A4D6-7135-4507-ABFE-08ABEC65BB6A}
		{B8A83788-97A7-4544-9B10-8FB0064D8E05} = {8169A4D6-7135-4507-ABFE-08ABEC65BB6A}
		{B44528B1-3E8C-4FA0-8000-8B45D2594DF7} = {EA31CDF5-5410-4D6A-9CCB-351755250B91}
		{D4806BF0-09CA-41D8-98FE-83E11DFF6C52} = {EA31CDF5-5410-4D6A-9CCB-351755250B91}
		{76579464-545E-4282-9FB4-BDDD03294095} = {EA31CDF5-5410-4D6A-9CCB-351755250B91}
	EndGlobalSection
	GlobalSection(ExtensibilityGlobals) = postSolution
		EnterpriseLibraryConfigurationToolBinariesPathV6 = packages\EnterpriseLibrary.Common.6.0.1304.0\lib\NET45;packages\EnterpriseLibrary.Data.6.0.1304.0\lib\NET45
	EndGlobalSection
EndGlobal
